
Microsoft Visual Studio Solution File, Format Version 12.00
# Visual Studio 15
VisualStudioVersion = 15.0.28307.271
MinimumVisualStudioVersion = 10.0.40219.1
Project("{FAE04EC0-301F-11D3-BF4B-00C04F79EFBC}") = "MovieTicketBooking", "MovieTicketBooking\MovieTicketBooking.csproj", "{9084A90C-1D54-430D-BB82-941A8FEAE5D9}"
EndProject
Project("{FAE04EC0-301F-11D3-BF4B-00C04F79EFBC}") = "MovieTicketBooking.Tests", "MovieTicketBooking.Tests\MovieTicketBooking.Tests.csproj", "{C1BE0541-87F0-4F4C-B030-C04AA58237B4}"
EndProject
Global
	GlobalSection(SolutionConfigurationPlatforms) = preSolution
		Debug|Any CPU = Debug|Any CPU
		Release|Any CPU = Release|Any CPU
	EndGlobalSection
	GlobalSection(ProjectConfigurationPlatforms) = postSolution
		{9084A90C-1D54-430D-BB82-941A8FEAE5D9}.Debug|Any CPU.ActiveCfg = Debug|Any CPU
		{9084A90C-1D54-430D-BB82-941A8FEAE5D9}.Debug|Any CPU.Build.0 = Debug|Any CPU
		{9084A90C-1D54-430D-BB82-941A8FEAE5D9}.Release|Any CPU.ActiveCfg = Release|Any CPU
		{9084A90C-1D54-430D-BB82-941A8FEAE5D9}.Release|Any CPU.Build.0 = Release|Any CPU
		{C1BE0541-87F0-4F4C-B030-C04AA58237B4}.Debug|Any CPU.ActiveCfg = Debug|Any CPU
		{C1BE0541-87F0-4F4C-B030-C04AA58237B4}.Debug|Any CPU.Build.0 = Debug|Any CPU
		{C1BE0541-87F0-4F4C-B030-C04AA58237B4}.Release|Any CPU.ActiveCfg = Release|Any CPU
		{C1BE0541-87F0-4F4C-B030-C04AA58237B4}.Release|Any CPU.Build.0 = Release|Any CPU
	EndGlobalSection
	GlobalSection(SolutionProperties) = preSolution
		HideSolutionNode = FALSE
	EndGlobalSection
	GlobalSection(ExtensibilityGlobals) = postSolution
		SolutionGuid = {DA119A1C-90E7-4AF8-BD29-0CB024A7EF1B}
	EndGlobalSection
EndGlobal
